
Microsoft Visual Studio Solution File, Format Version 12.00
# Visual Studio 14
VisualStudioVersion = 14.0.24720.0
MinimumVisualStudioVersion = 10.0.40219.1
Project("{2150E333-8FDC-42A3-9474-1A3956D46DE8}") = "Solution Items", "Solution Items", "{CE25952B-D8B2-4345-B600-9A2CEF186275}"
	ProjectSection(SolutionItems) = preProject
		README.md = README.md
	EndProjectSection
EndProject
Project("{8BC9CEB8-8B4A-11D0-8D11-00A0C91BC942}") = "BinarySearchTrees", "BinarySearchTrees\BinarySearchTrees.vcxproj", "{1664095F-C86D-426F-A111-07A1CE892E13}"
EndProject
Project("{8BC9CEB8-8B4A-11D0-8D11-00A0C91BC942}") = "Huffman", "Huffman\Huffman.vcxproj", "{ED49C8A8-570A-47BA-AB9B-CF7006303E33}"
EndProject
Project("{8BC9CEB8-8B4A-11D0-8D11-00A0C91BC942}") = "TreeBenchmarks", "TreeBenchmarks\TreeBenchmarks.vcxproj", "{88284E97-7917-4955-B461-CC2D1C98A2F8}"
EndProject
Project("{8BC9CEB8-8B4A-11D0-8D11-00A0C91BC942}") = "OnDiskTrees", "OnDiskTrees\OnDiskTrees.vcxproj", "{2F4AF2FC-C537-491D-817F-1F4DBECA1D69}"
EndProject
Global
	GlobalSection(SolutionConfigurationPlatforms) = preSolution
		Debug|x64 = Debug|x64
		Debug|x86 = Debug|x86
		Release|x64 = Release|x64
		Release|x86 = Release|x86
	EndGlobalSection
	GlobalSection(ProjectConfigurationPlatforms) = postSolution
		{1664095F-C86D-426F-A111-07A1CE892E13}.Debug|x64.ActiveCfg = Debug|x64
		{1664095F-C86D-426F-A111-07A1CE892E13}.Debug|x64.Build.0 = Debug|x64
		{1664095F-C86D-426F-A111-07A1CE892E13}.Debug|x86.ActiveCfg = Debug|Win32
		{1664095F-C86D-426F-A111-07A1CE892E13}.Debug|x86.Build.0 = Debug|Win32
		{1664095F-C86D-426F-A111-07A1CE892E13}.Release|x64.ActiveCfg = Release|x64
		{1664095F-C86D-426F-A111-07A1CE892E13}.Release|x64.Build.0 = Release|x64
		{1664095F-C86D-426F-A111-07A1CE892E13}.Release|x86.ActiveCfg = Release|Win32
		{1664095F-C86D-426F-A111-07A1CE892E13}.Release|x86.Build.0 = Release|Win32
		{ED49C8A8-570A-47BA-AB9B-CF7006303E33}.Debug|x64.ActiveCfg = Debug|x64
		{ED49C8A8-570A-47BA-AB9B-CF7006303E33}.Debug|x64.Build.0 = Debug|x64
		{ED49C8A8-570A-47BA-AB9B-CF7006303E33}.Debug|x86.ActiveCfg = Debug|Win32
		{ED49C8A8-570A-47BA-AB9B-CF7006303E33}.Debug|x86.Build.0 = Debug|Win32
		{ED49C8A8-570A-47BA-AB9B-CF7006303E33}.Release|x64.ActiveCfg = Release|x64
		{ED49C8A8-570A-47BA-AB9B-CF7006303E33}.Release|x64.Build.0 = Release|x64
		{ED49C8A8-570A-47BA-AB9B-CF7006303E33}.Release|x86.ActiveCfg = Release|Win32
		{ED49C8A8-570A-47BA-AB9B-CF7006303E33}.Release|x86.Build.0 = Release|Win32
		{88284E97-7917-4955-B461-CC2D1C98A2F8}.Debug|x64.ActiveCfg = Debug|x64
		{88284E97-7917-4955-B461-CC2D1C98A2F8}.Debug|x64.Build.0 = Debug|x64
		{88284E97-7917-4955-B461-CC2D1C98A2F8}.Debug|x86.ActiveCfg = Debug|Win32
		{88284E97-7917-4955-B461-CC2D1C98A2F8}.Debug|x86.Build.0 = Debug|Win32
		{88284E97-7917-4955-B461-CC2D1C98A2F8}.Release|x64.ActiveCfg = Release|x64
		{88284E97-7917-4955-B461-CC2D1C98A2F8}.Release|x64.Build.0 = Release|x64
		{88284E97-7917-4955-B461-CC2D1C98A2F8}.Release|x86.ActiveCfg = Release|Win32
		{88284E97-7917-4955-B461-CC2D1C98A2F8}.Release|x86.Build.0 = Release|Win32
		{2F4AF2FC-C537-491D-817F-1F4DBECA1D69}.Debug|x64.ActiveCfg = Debug|x64
		{2F4AF2FC-C537-491D-817F-1F4DBECA1D69}.Debug|x64.Build.0 = Debug|x64
		{2F4AF2FC-C537-491D-817F-1F4DBECA1D69}.Debug|x86.ActiveCfg = Debug|Win32
		{2F4AF2FC-C537-491D-817F-1F4DBECA1D69}.Debug|x86.Build.0 = Debug|Win32
		{2F4AF2FC-C537-491D-817F-1F4DBECA1D69}.Release|x64.ActiveCfg = Release|x64
		{2F4AF2FC-C537-491D-817F-1F4DBECA1D69}.Release|x64.Build.0 = Release|x64
		{2F4AF2FC-C537-491D-817F-1F4DBECA1D69}.Release|x86.ActiveCfg = Release|Win32
		{2F4AF2FC-C537-491D-817F-1F4DBECA1D69}.Release|x86.Build.0 = Release|Win32
	EndGlobalSection
	GlobalSection(SolutionProperties) = preSolution
		HideSolutionNode = FALSE
	EndGlobalSection
EndGlobal
